
Microsoft Visual Studio Solution File, Format Version 12.00
# Visual Studio 15
VisualStudioVersion = 15.0.28307.1022
MinimumVisualStudioVersion = 10.0.40219.1
Project("{8BC9CEB8-8B4A-11D0-8D11-00A0C91BC942}") = "sp-foundation", "sp-foundation\sp-foundation.vcxproj", "{0607C5AC-E8DA-43DB-A0B4-279C05EC6613}"
EndProject
Project("{8BC9CEB8-8B4A-11D0-8D11-00A0C91BC942}") = "sp-frontend", "sp-frontend\sp-frontend.vcxproj", "{B76F860A-5500-4BE0-92B8-3EACB62DAA54}"
EndProject
Project("{8BC9CEB8-8B4A-11D0-8D11-00A0C91BC942}") = "sp-physics", "sp-physics\sp-physics.vcxproj", "{E59B16CA-EE86-41BB-B1B4-E81DB09E8561}"
EndProject
Project("{8BC9CEB8-8B4A-11D0-8D11-00A0C91BC942}") = "sp-physics-test", "sp-physics\test\sp-physics-test.vcxproj", "{5CD02D86-1E1D-4C05-9F1B-68A2297C2167}"
EndProject
Project("{8BC9CEB8-8B4A-11D0-8D11-00A0C91BC942}") = "sp-rendering", "sp-rendering\sp-rendering.vcxproj", "{C280AB1E-4BF1-4F80-A243-5C63F3038D8E}"
EndProject
Global
	GlobalSection(SolutionConfigurationPlatforms) = preSolution
		Debug|x64 = Debug|x64
		Debug|x86 = Debug|x86
		Release|x64 = Release|x64
		Release|x86 = Release|x86
	EndGlobalSection
	GlobalSection(ProjectConfigurationPlatforms) = postSolution
		{0607C5AC-E8DA-43DB-A0B4-279C05EC6613}.Debug|x64.ActiveCfg = Debug|x64
		{0607C5AC-E8DA-43DB-A0B4-279C05EC6613}.Debug|x64.Build.0 = Debug|x64
		{0607C5AC-E8DA-43DB-A0B4-279C05EC6613}.Debug|x86.ActiveCfg = Debug|Win32
		{0607C5AC-E8DA-43DB-A0B4-279C05EC6613}.Debug|x86.Build.0 = Debug|Win32
		{0607C5AC-E8DA-43DB-A0B4-279C05EC6613}.Release|x64.ActiveCfg = Release|x64
		{0607C5AC-E8DA-43DB-A0B4-279C05EC6613}.Release|x64.Build.0 = Release|x64
		{0607C5AC-E8DA-43DB-A0B4-279C05EC6613}.Release|x86.ActiveCfg = Release|Win32
		{0607C5AC-E8DA-43DB-A0B4-279C05EC6613}.Release|x86.Build.0 = Release|Win32
		{B76F860A-5500-4BE0-92B8-3EACB62DAA54}.Debug|x64.ActiveCfg = Debug|x64
		{B76F860A-5500-4BE0-92B8-3EACB62DAA54}.Debug|x64.Build.0 = Debug|x64
		{B76F860A-5500-4BE0-92B8-3EACB62DAA54}.Debug|x86.ActiveCfg = Debug|Win32
		{B76F860A-5500-4BE0-92B8-3EACB62DAA54}.Debug|x86.Build.0 = Debug|Win32
		{B76F860A-5500-4BE0-92B8-3EACB62DAA54}.Release|x64.ActiveCfg = Release|x64
		{B76F860A-5500-4BE0-92B8-3EACB62DAA54}.Release|x64.Build.0 = Release|x64
		{B76F860A-5500-4BE0-92B8-3EACB62DAA54}.Release|x86.ActiveCfg = Release|Win32
		{B76F860A-5500-4BE0-92B8-3EACB62DAA54}.Release|x86.Build.0 = Release|Win32
		{E59B16CA-EE86-41BB-B1B4-E81DB09E8561}.Debug|x64.ActiveCfg = Debug|x64
		{E59B16CA-EE86-41BB-B1B4-E81DB09E8561}.Debug|x64.Build.0 = Debug|x64
		{E59B16CA-EE86-41BB-B1B4-E81DB09E8561}.Debug|x86.ActiveCfg = Debug|Win32
		{E59B16CA-EE86-41BB-B1B4-E81DB09E8561}.Debug|x86.Build.0 = Debug|Win32
		{E59B16CA-EE86-41BB-B1B4-E81DB09E8561}.Release|x64.ActiveCfg = Release|x64
		{E59B16CA-EE86-41BB-B1B4-E81DB09E8561}.Release|x64.Build.0 = Release|x64
		{E59B16CA-EE86-41BB-B1B4-E81DB09E8561}.Release|x86.ActiveCfg = Release|Win32
		{E59B16CA-EE86-41BB-B1B4-E81DB09E8561}.Release|x86.Build.0 = Release|Win32
		{5CD02D86-1E1D-4C05-9F1B-68A2297C2167}.Debug|x64.ActiveCfg = Debug|x64
		{5CD02D86-1E1D-4C05-9F1B-68A2297C2167}.Debug|x64.Build.0 = Debug|x64
		{5CD02D86-1E1D-4C05-9F1B-68A2297C2167}.Debug|x86.ActiveCfg = Debug|Win32
		{5CD02D86-1E1D-4C05-9F1B-68A2297C2167}.Debug|x86.Build.0 = Debug|Win32
		{5CD02D86-1E1D-4C05-9F1B-68A2297C2167}.Release|x64.ActiveCfg = Release|x64
		{5CD02D86-1E1D-4C05-9F1B-68A2297C2167}.Release|x64.Build.0 = Release|x64
		{5CD02D86-1E1D-4C05-9F1B-68A2297C2167}.Release|x86.ActiveCfg = Release|Win32
		{5CD02D86-1E1D-4C05-9F1B-68A2297C2167}.Release|x86.Build.0 = Release|Win32
		{C280AB1E-4BF1-4F80-A243-5C63F3038D8E}.Debug|x64.ActiveCfg = Debug|x64
		{C280AB1E-4BF1-4F80-A243-5C63F3038D8E}.Debug|x64.Build.0 = Debug|x64
		{C280AB1E-4BF1-4F80-A243-5C63F3038D8E}.Debug|x86.ActiveCfg = Debug|Win32
		{C280AB1E-4BF1-4F80-A243-5C63F3038D8E}.Debug|x86.Build.0 = Debug|Win32
		{C280AB1E-4BF1-4F80-A243-5C63F3038D8E}.Release|x64.ActiveCfg = Release|x64
		{C280AB1E-4BF1-4F80-A243-5C63F3038D8E}.Release|x64.Build.0 = Release|x64
		{C280AB1E-4BF1-4F80-A243-5C63F3038D8E}.Release|x86.ActiveCfg = Release|Win32
		{C280AB1E-4BF1-4F80-A243-5C63F3038D8E}.Release|x86.Build.0 = Release|Win32
	EndGlobalSection
	GlobalSection(SolutionProperties) = preSolution
		HideSolutionNode = FALSE
	EndGlobalSection
	GlobalSection(ExtensibilityGlobals) = postSolution
		SolutionGuid = {CBF80A97-B1F3-4BFB-B951-D081BDE8C240}
	EndGlobalSection
EndGlobal
